
Microsoft Visual Studio Solution File, Format Version 12.00
# Visual Studio Version 17
VisualStudioVersion = 17.3.32811.315
MinimumVisualStudioVersion = 10.0.40219.1
Project("{FAE04EC0-301F-11D3-BF4B-00C04F79EFBC}") = "Medelberäknaren", "Medelberäknaren\Medelberäknaren.csproj", "{0DDADCDA-D430-489E-9CA9-98BFDB449C7B}"
EndProject
Global
	GlobalSection(SolutionConfigurationPlatforms) = preSolution
		Debug|Any CPU = Debug|Any CPU
		Release|Any CPU = Release|Any CPU
	EndGlobalSection
	GlobalSection(ProjectConfigurationPlatforms) = postSolution
		{0DDADCDA-D430-489E-9CA9-98BFDB449C7B}.Debug|Any CPU.ActiveCfg = Debug|Any CPU
		{0DDADCDA-D430-489E-9CA9-98BFDB449C7B}.Debug|Any CPU.Build.0 = Debug|Any CPU
		{0DDADCDA-D430-489E-9CA9-98BFDB449C7B}.Release|Any CPU.ActiveCfg = Release|Any CPU
		{0DDADCDA-D430-489E-9CA9-98BFDB449C7B}.Release|Any CPU.Build.0 = Release|Any CPU
	EndGlobalSection
	GlobalSection(SolutionProperties) = preSolution
		HideSolutionNode = FALSE
	EndGlobalSection
	GlobalSection(ExtensibilityGlobals) = postSolution
		SolutionGuid = {FE4F5900-9444-4EC0-AC78-9D752196394A}
	EndGlobalSection
EndGlobal
